
Microsoft Visual Studio Solution File, Format Version 12.00
# Visual Studio Version 17
VisualStudioVersion = 17.2.32210.308
MinimumVisualStudioVersion = 10.0.40219.1
Project("{FAE04EC0-301F-11D3-BF4B-00C04F79EFBC}") = "DataLoader", "DataLoader\DataLoader.csproj", "{5ABD64CE-03E1-4370-BDE8-3964B5774720}"
EndProject
Global
	GlobalSection(SolutionConfigurationPlatforms) = preSolution
		Debug|Any CPU = Debug|Any CPU
		Release|Any CPU = Release|Any CPU
	EndGlobalSection
	GlobalSection(ProjectConfigurationPlatforms) = postSolution
		{5ABD64CE-03E1-4370-BDE8-3964B5774720}.Debug|Any CPU.ActiveCfg = Debug|Any CPU
		{5ABD64CE-03E1-4370-BDE8-3964B5774720}.Debug|Any CPU.Build.0 = Debug|Any CPU
		{5ABD64CE-03E1-4370-BDE8-3964B5774720}.Release|Any CPU.ActiveCfg = Release|Any CPU
		{5ABD64CE-03E1-4370-BDE8-3964B5774720}.Release|Any CPU.Build.0 = Release|Any CPU
	EndGlobalSection
	GlobalSection(SolutionProperties) = preSolution
		HideSolutionNode = FALSE
	EndGlobalSection
	GlobalSection(ExtensibilityGlobals) = postSolution
		SolutionGuid = {7B1C3976-DAD7-4362-8746-67F803A5C610}
	EndGlobalSection
EndGlobal
